# THIS IS AN AUTOGENERATED FILE. DO NOT EDIT THIS FILE DIRECTLY.
# yarn lockfile v1


nats@^0.7.20:
  version "0.7.20"
  resolved "http://sinopia-lab.bbuzcloud.com:4873/nats/-/nats-0.7.20.tgz#f951d815e2dddce65cd0dda5fb0124ebc0936dd9"
  dependencies:
    nuid ">=0.6.8"

nuid@>=0.6.8:
  version "0.6.14"
  resolved "http://sinopia-lab.bbuzcloud.com:4873/nuid/-/nuid-0.6.14.tgz#a225c8b720e46c563ad8d13641368669f6c25b48"
