{
  "name": "promises",
  "version": "1.0.0",
  "lockfileVersion": 1,
  "requires": true,
  "dependencies": {
    "bluebird": {
      "version": "3.5.0",
      "resolved": "https://registry.npmjs.org/bluebird/-/bluebird-3.5.0.tgz",
      "integrity": "sha1-eRQg1/VR7qKJdFOop3ZT+WYG1nw="
    },
    "colors": {
      "version": "1.1.2",
      "resolved": "http://sinopia-lab.bbuzcloud.com:4873/colors/-/colors-1.1.2.tgz",
      "integrity": "sha1-FopHAXVran9RoSzgyXv6KMCE7WM="
    },
    "f-promise": {
      "version": "1.2.4",
      "resolved": "http://sinopia-lab.bbuzcloud.com:4873/f-promise/-/f-promise-1.2.4.tgz",
      "integrity": "sha1-FHS7PnsANC2Viu89ixkMJKAvh3I=",
      "requires": {
        "fibers": "2.0.0",
        "streamline-runtime": "1.1.4"
      }
    },
    "fibers": {
      "version": "2.0.0",
      "resolved": "http://sinopia-lab.bbuzcloud.com:4873/fibers/-/fibers-2.0.0.tgz",
      "integrity": "sha512-sLxo4rZVk7xLgAjb/6zEzHJfSALx6u6coN1z61XCOF7i6CyTdJawF4+RdpjCSeS8AP66eR2InScbYAz9RAVOgA=="
    },
    "nan": {
      "version": "2.6.2",
      "resolved": "https://registry.npmjs.org/nan/-/nan-2.6.2.tgz",
      "integrity": "sha1-5P805slf37WuzAjeZZb0NgWn20U="
    },
    "regenerator-runtime": {
      "version": "0.10.5",
      "resolved": "http://sinopia-lab.bbuzcloud.com:4873/regenerator-runtime/-/regenerator-runtime-0.10.5.tgz",
      "integrity": "sha1-M2w+/BIgrc7dosn6tntaeVWjNlg="
    },
    "sleep": {
      "version": "5.1.1",
      "resolved": "https://registry.npmjs.org/sleep/-/sleep-5.1.1.tgz",
      "integrity": "sha1-h4+h1E0I7rDyb7IBjvhinrGjq5Q=",
      "requires": {
        "nan": "2.6.2"
      }
    },
    "streamline-runtime": {
      "version": "1.1.4",
      "resolved": "http://sinopia-lab.bbuzcloud.com:4873/streamline-runtime/-/streamline-runtime-1.1.4.tgz",
      "integrity": "sha1-3PBKZCfmFvlkP5hCYPn5WNmvi1Y=",
      "requires": {
        "colors": "1.1.2",
        "fibers": "1.0.15",
        "regenerator-runtime": "0.10.5"
      },
      "dependencies": {
        "fibers": {
          "version": "1.0.15",
          "resolved": "http://sinopia-lab.bbuzcloud.com:4873/fibers/-/fibers-1.0.15.tgz",
          "integrity": "sha1-IvA5yPGLhWGQ+75N7PBWFUwerpw=",
          "optional": true
        }
      }
    }
  }
}
